
Microsoft Visual Studio Solution File, Format Version 12.00
# Visual Studio Version 17
VisualStudioVersion = 17.6.33829.357
MinimumVisualStudioVersion = 10.0.40219.1
Project("{FAE04EC0-301F-11D3-BF4B-00C04F79EFBC}") = "TetrisPrototype", "TetrisPrototype\TetrisPrototype.csproj", "{F16EA83F-9661-4130-8EBD-C01C45CFD2C2}"
EndProject
Global
	GlobalSection(SolutionConfigurationPlatforms) = preSolution
		Debug|Any CPU = Debug|Any CPU
		Release|Any CPU = Release|Any CPU
	EndGlobalSection
	GlobalSection(ProjectConfigurationPlatforms) = postSolution
		{F16EA83F-9661-4130-8EBD-C01C45CFD2C2}.Debug|Any CPU.ActiveCfg = Debug|Any CPU
		{F16EA83F-9661-4130-8EBD-C01C45CFD2C2}.Debug|Any CPU.Build.0 = Debug|Any CPU
		{F16EA83F-9661-4130-8EBD-C01C45CFD2C2}.Release|Any CPU.ActiveCfg = Release|Any CPU
		{F16EA83F-9661-4130-8EBD-C01C45CFD2C2}.Release|Any CPU.Build.0 = Release|Any CPU
	EndGlobalSection
	GlobalSection(SolutionProperties) = preSolution
		HideSolutionNode = FALSE
	EndGlobalSection
	GlobalSection(ExtensibilityGlobals) = postSolution
		SolutionGuid = {A7649618-4629-4B92-81A6-1CDE3C982DA7}
	EndGlobalSection
EndGlobal
